
Microsoft Visual Studio Solution File, Format Version 12.00
# Visual Studio 15
VisualStudioVersion = 15.0.28010.2026
MinimumVisualStudioVersion = 10.0.40219.1
Project("{FAE04EC0-301F-11D3-BF4B-00C04F79EFBC}") = "UploadFileApi", "UploadFileApi\UploadFileApi.csproj", "{32756844-C253-4A5F-AE67-7DAFB8660F4E}"
EndProject
Global
	GlobalSection(SolutionConfigurationPlatforms) = preSolution
		Debug|Any CPU = Debug|Any CPU
		Release|Any CPU = Release|Any CPU
	EndGlobalSection
	GlobalSection(ProjectConfigurationPlatforms) = postSolution
		{32756844-C253-4A5F-AE67-7DAFB8660F4E}.Debug|Any CPU.ActiveCfg = Debug|Any CPU
		{32756844-C253-4A5F-AE67-7DAFB8660F4E}.Debug|Any CPU.Build.0 = Debug|Any CPU
		{32756844-C253-4A5F-AE67-7DAFB8660F4E}.Release|Any CPU.ActiveCfg = Release|Any CPU
		{32756844-C253-4A5F-AE67-7DAFB8660F4E}.Release|Any CPU.Build.0 = Release|Any CPU
	EndGlobalSection
	GlobalSection(SolutionProperties) = preSolution
		HideSolutionNode = FALSE
	EndGlobalSection
	GlobalSection(ExtensibilityGlobals) = postSolution
		SolutionGuid = {9FCE71F2-D66A-4F91-A495-3A8179BA8D0A}
	EndGlobalSection
EndGlobal
